
Microsoft Visual Studio Solution File, Format Version 12.00
# Visual Studio Version 17
VisualStudioVersion = 17.2.32630.192
MinimumVisualStudioVersion = 10.0.40219.1
Project("{FAE04EC0-301F-11D3-BF4B-00C04F79EFBC}") = "PclassePesssoa", "PclassePesssoa\PclassePesssoa.csproj", "{58ECC1C1-5580-4674-9558-8F69C297958F}"
EndProject
Global
	GlobalSection(SolutionConfigurationPlatforms) = preSolution
		Debug|Any CPU = Debug|Any CPU
		Release|Any CPU = Release|Any CPU
	EndGlobalSection
	GlobalSection(ProjectConfigurationPlatforms) = postSolution
		{58ECC1C1-5580-4674-9558-8F69C297958F}.Debug|Any CPU.ActiveCfg = Debug|Any CPU
		{58ECC1C1-5580-4674-9558-8F69C297958F}.Debug|Any CPU.Build.0 = Debug|Any CPU
		{58ECC1C1-5580-4674-9558-8F69C297958F}.Release|Any CPU.ActiveCfg = Release|Any CPU
		{58ECC1C1-5580-4674-9558-8F69C297958F}.Release|Any CPU.Build.0 = Release|Any CPU
	EndGlobalSection
	GlobalSection(SolutionProperties) = preSolution
		HideSolutionNode = FALSE
	EndGlobalSection
	GlobalSection(ExtensibilityGlobals) = postSolution
		SolutionGuid = {02B26871-52BD-4326-B43E-D4284B177762}
	EndGlobalSection
EndGlobal
